// !$*UTF8*$!
{
	archiveVersion = 1;
	classes = {
	};
	objectVersion = 46;
	objects = {

/* Begin PBXGroup section */
		058684771A3F3EE9001FB405 = {
			isa = PBXGroup;
			children = (
			);
			sourceTree = "<group>";
		};
/* End PBXGroup section */

/* Begin PBXProject section */
		058684781A3F3EE9001FB405 /* Project object */ = {
			isa = PBXProject;
			attributes = {
				LastUpgradeCheck = 0510;
			};
			buildConfigurationList = 0586847B1A3F3EE9001FB405 /* Build configuration list for PBXProject "smilei_xcode" */;
			compatibilityVersion = "Xcode 3.2";
			developmentRegion = English;
			hasScannedForEncodings = 0;
			knownRegions = (
				en,
			);
			mainGroup = 058684771A3F3EE9001FB405;
			projectDirPath = "";
			projectRoot = "";
			targets = (
			);
		};
/* End PBXProject section */

/* Begin XCBuildConfiguration section */
		0586847C1A3F3EE9001FB405 /* Debug */ = {
			isa = XCBuildConfiguration;
			buildSettings = {
			};
			name = Debug;
		};
		0586847D1A3F3EE9001FB405 /* Release */ = {
			isa = XCBuildConfiguration;
			buildSettings = {
			};
			name = Release;
		};
/* End XCBuildConfiguration section */

/* Begin XCConfigurationList section */
		0586847B1A3F3EE9001FB405 /* Build configuration list for PBXProject "smilei_xcode" */ = {
			isa = XCConfigurationList;
			buildConfigurations = (
				0586847C1A3F3EE9001FB405 /* Debug */,
				0586847D1A3F3EE9001FB405 /* Release */,
			);
			defaultConfigurationIsVisible = 0;
			defaultConfigurationName = Release;
		};
/* End XCConfigurationList section */
	};
	rootObject = 058684781A3F3EE9001FB405 /* Project object */;
}
